
Microsoft Visual Studio Solution File, Format Version 12.00
# Visual Studio Version 17
VisualStudioVersion = 17.7.34018.315
MinimumVisualStudioVersion = 10.0.40219.1
Project("{FAE04EC0-301F-11D3-BF4B-00C04F79EFBC}") = "azure-graffiti", "azure-graffiti.csproj", "{BD4A1304-048D-4EB4-9E19-754D880C16E0}"
EndProject
Global
	GlobalSection(SolutionConfigurationPlatforms) = preSolution
		Debug|Any CPU = Debug|Any CPU
		Release|Any CPU = Release|Any CPU
	EndGlobalSection
	GlobalSection(ProjectConfigurationPlatforms) = postSolution
		{BD4A1304-048D-4EB4-9E19-754D880C16E0}.Debug|Any CPU.ActiveCfg = Debug|Any CPU
		{BD4A1304-048D-4EB4-9E19-754D880C16E0}.Debug|Any CPU.Build.0 = Debug|Any CPU
		{BD4A1304-048D-4EB4-9E19-754D880C16E0}.Release|Any CPU.ActiveCfg = Release|Any CPU
		{BD4A1304-048D-4EB4-9E19-754D880C16E0}.Release|Any CPU.Build.0 = Release|Any CPU
	EndGlobalSection
	GlobalSection(SolutionProperties) = preSolution
		HideSolutionNode = FALSE
	EndGlobalSection
	GlobalSection(ExtensibilityGlobals) = postSolution
		SolutionGuid = {17412F51-3A2A-4C26-A60A-1B2F13EE41F0}
	EndGlobalSection
EndGlobal
